
Microsoft Visual Studio Solution File, Format Version 12.00
# Visual Studio Version 16
VisualStudioVersion = 16.0.31702.278
MinimumVisualStudioVersion = 10.0.40219.1
Project("{8BC9CEB8-8B4A-11D0-8D11-00A0C91BC942}") = "Homework18", "Homework18\Homework18.vcxproj", "{A7E82CEB-99C1-4910-BBD7-DB7E8043026F}"
EndProject
Global
	GlobalSection(SolutionConfigurationPlatforms) = preSolution
		Debug|x64 = Debug|x64
		Debug|x86 = Debug|x86
		Release|x64 = Release|x64
		Release|x86 = Release|x86
	EndGlobalSection
	GlobalSection(ProjectConfigurationPlatforms) = postSolution
		{A7E82CEB-99C1-4910-BBD7-DB7E8043026F}.Debug|x64.ActiveCfg = Debug|x64
		{A7E82CEB-99C1-4910-BBD7-DB7E8043026F}.Debug|x64.Build.0 = Debug|x64
		{A7E82CEB-99C1-4910-BBD7-DB7E8043026F}.Debug|x86.ActiveCfg = Debug|Win32
		{A7E82CEB-99C1-4910-BBD7-DB7E8043026F}.Debug|x86.Build.0 = Debug|Win32
		{A7E82CEB-99C1-4910-BBD7-DB7E8043026F}.Release|x64.ActiveCfg = Release|x64
		{A7E82CEB-99C1-4910-BBD7-DB7E8043026F}.Release|x64.Build.0 = Release|x64
		{A7E82CEB-99C1-4910-BBD7-DB7E8043026F}.Release|x86.ActiveCfg = Release|Win32
		{A7E82CEB-99C1-4910-BBD7-DB7E8043026F}.Release|x86.Build.0 = Release|Win32
	EndGlobalSection
	GlobalSection(SolutionProperties) = preSolution
		HideSolutionNode = FALSE
	EndGlobalSection
	GlobalSection(ExtensibilityGlobals) = postSolution
		SolutionGuid = {5F98E136-A113-493C-9E7E-CD8B1625ED12}
	EndGlobalSection
EndGlobal
